# This file is automatically @generated by Cargo.
# It is not intended for manual editing.
version = 3

[[package]]
name = "cfg-if"
version = "1.0.0"
source = "registry+https://github.com/rust-lang/crates.io-index"
checksum = "baf1de4339761588bc0619e3cbc0120ee582ebb74b53b4efbf79117bd2da40fd"

[[package]]
name = "libc"
version = "0.2.137"
source = "registry+https://github.com/rust-lang/crates.io-index"
checksum = "fc7fcc620a3bff7cdd7a365be3376c97191aeaccc2a603e600951e452615bf89"

[[package]]
name = "log"
version = "0.4.17"
source = "registry+https://github.com/rust-lang/crates.io-index"
checksum = "abb12e687cfb44aa40f41fc3978ef76448f9b6038cad6aef4259d3c095a2382e"
dependencies = [
 "cfg-if",
]

[[package]]
name = "pam"
version = "0.7.0"
source = "registry+https://github.com/rust-lang/crates.io-index"
checksum = "fa2bdc959c201c047004a1420a92aaa1dd1a6b64d5ef333aa3a4ac764fb93097"
dependencies = [
 "libc",
 "pam-sys",
 "users 0.8.1",
]

[[package]]
name = "pam-bindings"
version = "0.1.1"
source = "registry+https://github.com/rust-lang/crates.io-index"
checksum = "95c337e922acb6ab9c3ddd1016fed13957a5bf14f51b6caa293ddc8dd47660ca"
dependencies = [
 "libc",
]

[[package]]
name = "pam-client-template"
version = "0.0.1"
dependencies = [
 "pam",
 "users 0.11.0",
]

[[package]]
name = "pam-sys"
version = "0.5.6"
source = "registry+https://github.com/rust-lang/crates.io-index"
checksum = "cd4858311a097f01a0006ef7d0cd50bca81ec430c949d7bf95cbefd202282434"
dependencies = [
 "libc",
]

[[package]]
name = "siwe_pam"
version = "0.0.1"
dependencies = [
 "pam-bindings",
 "users 0.11.0",
]

[[package]]
name = "users"
version = "0.8.1"
source = "registry+https://github.com/rust-lang/crates.io-index"
checksum = "7fed7d0912567d35f88010c23dbaf865e9da8b5227295e8dc0f2fdd109155ab7"
dependencies = [
 "libc",
]

[[package]]
name = "users"
version = "0.11.0"
source = "registry+https://github.com/rust-lang/crates.io-index"
checksum = "24cc0f6d6f267b73e5a2cadf007ba8f9bc39c6a6f9666f8cf25ea809a153b032"
dependencies = [
 "libc",
 "log",
]
